{
  "pins" : [
    {
      "identity" : "swift-argument-parser",
      "kind" : "remoteSourceControl",
      "location" : "https://github.com/apple/swift-argument-parser",
      "state" : {
        "revision" : "6a52f3251125d74daf04fcbd5e6f08a75d074382",
        "version" : "1.8.2"
      }
    },
    {
      "identity" : "swiftterm",
      "kind" : "remoteSourceControl",
      "location" : "https://github.com/YogevKr/SwiftTerm.git",
      "state" : {
        "revision" : "ec8f8f258497a8087b9c1f73c131eca342ea8063"
      }
    }
  ],
  "version" : 2
}
