{
  "pins" : [
    {
      "identity" : "swift-argument-parser",
      "kind" : "remoteSourceControl",
      "location" : "https://github.com/apple/swift-argument-parser",
      "state" : {
        "revision" : "6a52f3251125d74daf04fcbd5e6f08a75d074382",
        "version" : "1.8.2"
      }
    },
    {
      "identity" : "swiftterm",
      "kind" : "remoteSourceControl",
      "location" : "https://github.com/YogevKr/SwiftTerm.git",
      "state" : {
        "revision" : "1a17a8809d05f16a3b4498d7fb392e9c7036ea6d"
      }
    }
  ],
  "version" : 2
}
