// !$*UTF8*$!
{
	archiveVersion = 1;
	classes = {
	};
	objectVersion = 77;
	objects = {

/* Begin PBXBuildFile section */
		001DCB95549A4D3F6F651127 /* BridgeConnection.swift in Sources */ = {isa = PBXBuildFile; fileRef = 3BE449A05DEF30F4C47153FC /* BridgeConnection.swift */; };
		0723307AA14594D2EBBC1726 /* Assets.xcassets in Resources */ = {isa = PBXBuildFile; fileRef = 3D076077933E7F528040D0BE /* Assets.xcassets */; };
		1659651FF7FA69AECF9A1CB8 /* AppModel.swift in Sources */ = {isa = PBXBuildFile; fileRef = FB1D30390653CB42449AC98C /* AppModel.swift */; };
		196F7878D682C65EA73B0C0E /* PromptDetectionTests.swift in Sources */ = {isa = PBXBuildFile; fileRef = 7A70DEB343A85DD32C29F57A /* PromptDetectionTests.swift */; };
		1CDC860253486FEBDFD6670B /* OutboxTests.swift in Sources */ = {isa = PBXBuildFile; fileRef = 3A18C263735F80641EEDBADC /* OutboxTests.swift */; };
		34B948A1A6F5F394B4D3A72C /* PaneTerminalView.swift in Sources */ = {isa = PBXBuildFile; fileRef = 4D6CB9C5D62403E91A70DA89 /* PaneTerminalView.swift */; };
		364263F635053B13874BD7DE /* Pairing.swift in Sources */ = {isa = PBXBuildFile; fileRef = 1ECFE5AD26AEB0A38AAA9FEF /* Pairing.swift */; };
		420DC582A71B10CCB2BC28A6 /* Composer.swift in Sources */ = {isa = PBXBuildFile; fileRef = 48E9B4094B34953B946FDDDD /* Composer.swift */; };
		45DB2BF7F6DB981D2556E39A /* PromptDetection.swift in Sources */ = {isa = PBXBuildFile; fileRef = 9104D912B4487B9223AD236C /* PromptDetection.swift */; };
		48625AE99F02CA2113FFE638 /* RaiIOSApp.swift in Sources */ = {isa = PBXBuildFile; fileRef = 3BFAFF18CA746AE63249DE73 /* RaiIOSApp.swift */; };
		496DB3382BC92DD54C36D585 /* TerminalLayoutTests.swift in Sources */ = {isa = PBXBuildFile; fileRef = 970CC5909AA4C4D0BA17BBF5 /* TerminalLayoutTests.swift */; };
		8485449A51E1C585A0439512 /* RootView.swift in Sources */ = {isa = PBXBuildFile; fileRef = C28A9944E5B3DBD0E0B55C06 /* RootView.swift */; };
		88BD7D532E56C7B98D8A5630 /* OfflineResilienceTests.swift in Sources */ = {isa = PBXBuildFile; fileRef = 2B8BBB6E4509632BAFE163AF /* OfflineResilienceTests.swift */; };
		9C3E81E6DC432B115478C980 /* SwiftTerm in Frameworks */ = {isa = PBXBuildFile; productRef = A4671400FCF1C980765FE75F /* SwiftTerm */; };
		9F15CEF1EC5502DB49D2CF23 /* RaiCore in Frameworks */ = {isa = PBXBuildFile; productRef = 0DF2560875011836BCF0C528 /* RaiCore */; };
		C277860A2469FEC6276740A9 /* QRScannerView.swift in Sources */ = {isa = PBXBuildFile; fileRef = 3AA5F5DC5C68F5E8FD06AA37 /* QRScannerView.swift */; };
		E8ECFAC607F385F5B4B36FBF /* PairingView.swift in Sources */ = {isa = PBXBuildFile; fileRef = DCC851F5A15F4B3C632FC3C7 /* PairingView.swift */; };
		F28167D25DB53B3029810B05 /* MonitorView.swift in Sources */ = {isa = PBXBuildFile; fileRef = 310ECD4F2FE845F00F88608F /* MonitorView.swift */; };
/* End PBXBuildFile section */

/* Begin PBXContainerItemProxy section */
		BA6D782B9464583CEE7AA71C /* PBXContainerItemProxy */ = {
			isa = PBXContainerItemProxy;
			containerPortal = 425D45EB082872CE41357666 /* Project object */;
			proxyType = 1;
			remoteGlobalIDString = 9D4B90CFDA1D3CD398C07820;
			remoteInfo = "rai-ios";
		};
/* End PBXContainerItemProxy section */

/* Begin PBXFileReference section */
		1ECFE5AD26AEB0A38AAA9FEF /* Pairing.swift */ = {isa = PBXFileReference; lastKnownFileType = sourcecode.swift; path = Pairing.swift; sourceTree = "<group>"; };
		2B8BBB6E4509632BAFE163AF /* OfflineResilienceTests.swift */ = {isa = PBXFileReference; lastKnownFileType = sourcecode.swift; path = OfflineResilienceTests.swift; sourceTree = "<group>"; };
		2CA038B4352450A677BF46AE /* Info.plist */ = {isa = PBXFileReference; lastKnownFileType = text.plist; path = Info.plist; sourceTree = "<group>"; };
		310ECD4F2FE845F00F88608F /* MonitorView.swift */ = {isa = PBXFileReference; lastKnownFileType = sourcecode.swift; path = MonitorView.swift; sourceTree = "<group>"; };
		3A18C263735F80641EEDBADC /* OutboxTests.swift */ = {isa = PBXFileReference; lastKnownFileType = sourcecode.swift; path = OutboxTests.swift; sourceTree = "<group>"; };
		3AA5F5DC5C68F5E8FD06AA37 /* QRScannerView.swift */ = {isa = PBXFileReference; lastKnownFileType = sourcecode.swift; path = QRScannerView.swift; sourceTree = "<group>"; };
		3BE449A05DEF30F4C47153FC /* BridgeConnection.swift */ = {isa = PBXFileReference; lastKnownFileType = sourcecode.swift; path = BridgeConnection.swift; sourceTree = "<group>"; };
		3BFAFF18CA746AE63249DE73 /* RaiIOSApp.swift */ = {isa = PBXFileReference; lastKnownFileType = sourcecode.swift; path = RaiIOSApp.swift; sourceTree = "<group>"; };
		3D076077933E7F528040D0BE /* Assets.xcassets */ = {isa = PBXFileReference; lastKnownFileType = folder.assetcatalog; path = Assets.xcassets; sourceTree = "<group>"; };
		48E9B4094B34953B946FDDDD /* Composer.swift */ = {isa = PBXFileReference; lastKnownFileType = sourcecode.swift; path = Composer.swift; sourceTree = "<group>"; };
		4D6CB9C5D62403E91A70DA89 /* PaneTerminalView.swift */ = {isa = PBXFileReference; lastKnownFileType = sourcecode.swift; path = PaneTerminalView.swift; sourceTree = "<group>"; };
		7A70DEB343A85DD32C29F57A /* PromptDetectionTests.swift */ = {isa = PBXFileReference; lastKnownFileType = sourcecode.swift; path = PromptDetectionTests.swift; sourceTree = "<group>"; };
		9104D912B4487B9223AD236C /* PromptDetection.swift */ = {isa = PBXFileReference; lastKnownFileType = sourcecode.swift; path = PromptDetection.swift; sourceTree = "<group>"; };
		970CC5909AA4C4D0BA17BBF5 /* TerminalLayoutTests.swift */ = {isa = PBXFileReference; lastKnownFileType = sourcecode.swift; path = TerminalLayoutTests.swift; sourceTree = "<group>"; };
		A2C47ABE3AC5B9368972C8BB /* rai-iosTests.xctest */ = {isa = PBXFileReference; includeInIndex = 0; lastKnownFileType = wrapper.cfbundle; path = "rai-iosTests.xctest"; sourceTree = BUILT_PRODUCTS_DIR; };
		A94AED5CC385FC1F5FD41FE9 /* rai */ = {isa = PBXFileReference; lastKnownFileType = folder; name = rai; path = ..; sourceTree = SOURCE_ROOT; };
		C0A260D874FB82D82728AC5A /* rai-ios.app */ = {isa = PBXFileReference; includeInIndex = 0; lastKnownFileType = wrapper.application; path = "rai-ios.app"; sourceTree = BUILT_PRODUCTS_DIR; };
		C28A9944E5B3DBD0E0B55C06 /* RootView.swift */ = {isa = PBXFileReference; lastKnownFileType = sourcecode.swift; path = RootView.swift; sourceTree = "<group>"; };
		DCC851F5A15F4B3C632FC3C7 /* PairingView.swift */ = {isa = PBXFileReference; lastKnownFileType = sourcecode.swift; path = PairingView.swift; sourceTree = "<group>"; };
		DD164C96454BB5CAE0E70FAD /* rai-ios.entitlements */ = {isa = PBXFileReference; lastKnownFileType = text.plist.entitlements; path = "rai-ios.entitlements"; sourceTree = "<group>"; };
		FB1D30390653CB42449AC98C /* AppModel.swift */ = {isa = PBXFileReference; lastKnownFileType = sourcecode.swift; path = AppModel.swift; sourceTree = "<group>"; };
/* End PBXFileReference section */

/* Begin PBXFrameworksBuildPhase section */
		CB4AF4E49114F3BD79118C8A /* Frameworks */ = {
			isa = PBXFrameworksBuildPhase;
			buildActionMask = 2147483647;
			files = (
				9F15CEF1EC5502DB49D2CF23 /* RaiCore in Frameworks */,
				9C3E81E6DC432B115478C980 /* SwiftTerm in Frameworks */,
			);
			runOnlyForDeploymentPostprocessing = 0;
		};
/* End PBXFrameworksBuildPhase section */

/* Begin PBXGroup section */
		2DA318A8F4154999D3174BCB /* Packages */ = {
			isa = PBXGroup;
			children = (
				A94AED5CC385FC1F5FD41FE9 /* rai */,
			);
			name = Packages;
			sourceTree = "<group>";
		};
		6B6A202ACF1B463B34798192 /* rai-iosTests */ = {
			isa = PBXGroup;
			children = (
				2B8BBB6E4509632BAFE163AF /* OfflineResilienceTests.swift */,
				3A18C263735F80641EEDBADC /* OutboxTests.swift */,
				7A70DEB343A85DD32C29F57A /* PromptDetectionTests.swift */,
				970CC5909AA4C4D0BA17BBF5 /* TerminalLayoutTests.swift */,
			);
			path = "rai-iosTests";
			sourceTree = "<group>";
		};
		AD37D283F77B85DAA18EC27B /* Products */ = {
			isa = PBXGroup;
			children = (
				C0A260D874FB82D82728AC5A /* rai-ios.app */,
				A2C47ABE3AC5B9368972C8BB /* rai-iosTests.xctest */,
			);
			name = Products;
			sourceTree = "<group>";
		};
		ADFD2E77B89CB97E42410815 /* rai-ios */ = {
			isa = PBXGroup;
			children = (
				FB1D30390653CB42449AC98C /* AppModel.swift */,
				3D076077933E7F528040D0BE /* Assets.xcassets */,
				3BE449A05DEF30F4C47153FC /* BridgeConnection.swift */,
				48E9B4094B34953B946FDDDD /* Composer.swift */,
				2CA038B4352450A677BF46AE /* Info.plist */,
				310ECD4F2FE845F00F88608F /* MonitorView.swift */,
				1ECFE5AD26AEB0A38AAA9FEF /* Pairing.swift */,
				DCC851F5A15F4B3C632FC3C7 /* PairingView.swift */,
				4D6CB9C5D62403E91A70DA89 /* PaneTerminalView.swift */,
				9104D912B4487B9223AD236C /* PromptDetection.swift */,
				3AA5F5DC5C68F5E8FD06AA37 /* QRScannerView.swift */,
				DD164C96454BB5CAE0E70FAD /* rai-ios.entitlements */,
				3BFAFF18CA746AE63249DE73 /* RaiIOSApp.swift */,
				C28A9944E5B3DBD0E0B55C06 /* RootView.swift */,
			);
			path = "rai-ios";
			sourceTree = "<group>";
		};
		C21D816B184653E0DCC84809 = {
			isa = PBXGroup;
			children = (
				2DA318A8F4154999D3174BCB /* Packages */,
				ADFD2E77B89CB97E42410815 /* rai-ios */,
				6B6A202ACF1B463B34798192 /* rai-iosTests */,
				AD37D283F77B85DAA18EC27B /* Products */,
			);
			sourceTree = "<group>";
		};
/* End PBXGroup section */

/* Begin PBXNativeTarget section */
		2F51AF5CB4547AFABFBB92FC /* rai-iosTests */ = {
			isa = PBXNativeTarget;
			buildConfigurationList = C6F14B6311CEB87002B80E7E /* Build configuration list for PBXNativeTarget "rai-iosTests" */;
			buildPhases = (
				1152DC1D23307950EE96908C /* Sources */,
			);
			buildRules = (
			);
			dependencies = (
				F9292F719DCAB95E0BEFBCC4 /* PBXTargetDependency */,
			);
			name = "rai-iosTests";
			packageProductDependencies = (
			);
			productName = "rai-iosTests";
			productReference = A2C47ABE3AC5B9368972C8BB /* rai-iosTests.xctest */;
			productType = "com.apple.product-type.bundle.unit-test";
		};
		9D4B90CFDA1D3CD398C07820 /* rai-ios */ = {
			isa = PBXNativeTarget;
			buildConfigurationList = 26D802174B3A47E6F6518587 /* Build configuration list for PBXNativeTarget "rai-ios" */;
			buildPhases = (
				DA30D004E1870956380C78AF /* Sources */,
				F87C914A6C41FE6371AD066F /* Resources */,
				CB4AF4E49114F3BD79118C8A /* Frameworks */,
			);
			buildRules = (
			);
			dependencies = (
			);
			name = "rai-ios";
			packageProductDependencies = (
				0DF2560875011836BCF0C528 /* RaiCore */,
				A4671400FCF1C980765FE75F /* SwiftTerm */,
			);
			productName = "rai-ios";
			productReference = C0A260D874FB82D82728AC5A /* rai-ios.app */;
			productType = "com.apple.product-type.application";
		};
/* End PBXNativeTarget section */

/* Begin PBXProject section */
		425D45EB082872CE41357666 /* Project object */ = {
			isa = PBXProject;
			attributes = {
				BuildIndependentTargetsInParallel = YES;
				LastUpgradeCheck = 1600;
				TargetAttributes = {
					9D4B90CFDA1D3CD398C07820 = {
						DevelopmentTeam = T2XB37WVYD;
						ProvisioningStyle = Automatic;
					};
				};
			};
			buildConfigurationList = F30C567720345A5E9B813317 /* Build configuration list for PBXProject "rai-ios" */;
			developmentRegion = en;
			hasScannedForEncodings = 0;
			knownRegions = (
				Base,
				en,
			);
			mainGroup = C21D816B184653E0DCC84809;
			minimizedProjectReferenceProxies = 1;
			packageReferences = (
				4EC453AAA774EF4C90469D1A /* XCLocalSwiftPackageReference "..//" */,
			);
			preferredProjectObjectVersion = 77;
			productRefGroup = AD37D283F77B85DAA18EC27B /* Products */;
			projectDirPath = "";
			projectRoot = "";
			targets = (
				9D4B90CFDA1D3CD398C07820 /* rai-ios */,
				2F51AF5CB4547AFABFBB92FC /* rai-iosTests */,
			);
		};
/* End PBXProject section */

/* Begin PBXResourcesBuildPhase section */
		F87C914A6C41FE6371AD066F /* Resources */ = {
			isa = PBXResourcesBuildPhase;
			buildActionMask = 2147483647;
			files = (
				0723307AA14594D2EBBC1726 /* Assets.xcassets in Resources */,
			);
			runOnlyForDeploymentPostprocessing = 0;
		};
/* End PBXResourcesBuildPhase section */

/* Begin PBXSourcesBuildPhase section */
		1152DC1D23307950EE96908C /* Sources */ = {
			isa = PBXSourcesBuildPhase;
			buildActionMask = 2147483647;
			files = (
				88BD7D532E56C7B98D8A5630 /* OfflineResilienceTests.swift in Sources */,
				1CDC860253486FEBDFD6670B /* OutboxTests.swift in Sources */,
				196F7878D682C65EA73B0C0E /* PromptDetectionTests.swift in Sources */,
				496DB3382BC92DD54C36D585 /* TerminalLayoutTests.swift in Sources */,
			);
			runOnlyForDeploymentPostprocessing = 0;
		};
		DA30D004E1870956380C78AF /* Sources */ = {
			isa = PBXSourcesBuildPhase;
			buildActionMask = 2147483647;
			files = (
				1659651FF7FA69AECF9A1CB8 /* AppModel.swift in Sources */,
				001DCB95549A4D3F6F651127 /* BridgeConnection.swift in Sources */,
				420DC582A71B10CCB2BC28A6 /* Composer.swift in Sources */,
				F28167D25DB53B3029810B05 /* MonitorView.swift in Sources */,
				364263F635053B13874BD7DE /* Pairing.swift in Sources */,
				E8ECFAC607F385F5B4B36FBF /* PairingView.swift in Sources */,
				34B948A1A6F5F394B4D3A72C /* PaneTerminalView.swift in Sources */,
				45DB2BF7F6DB981D2556E39A /* PromptDetection.swift in Sources */,
				C277860A2469FEC6276740A9 /* QRScannerView.swift in Sources */,
				48625AE99F02CA2113FFE638 /* RaiIOSApp.swift in Sources */,
				8485449A51E1C585A0439512 /* RootView.swift in Sources */,
			);
			runOnlyForDeploymentPostprocessing = 0;
		};
/* End PBXSourcesBuildPhase section */

/* Begin PBXTargetDependency section */
		F9292F719DCAB95E0BEFBCC4 /* PBXTargetDependency */ = {
			isa = PBXTargetDependency;
			target = 9D4B90CFDA1D3CD398C07820 /* rai-ios */;
			targetProxy = BA6D782B9464583CEE7AA71C /* PBXContainerItemProxy */;
		};
/* End PBXTargetDependency section */

/* Begin XCBuildConfiguration section */
		22D795B42388E53D3877E0CD /* Debug */ = {
			isa = XCBuildConfiguration;
			buildSettings = {
				BUNDLE_LOADER = "$(TEST_HOST)";
				"CODE_SIGNING_ALLOWED[sdk=iphonesimulator*]" = NO;
				GENERATE_INFOPLIST_FILE = YES;
				LD_RUNPATH_SEARCH_PATHS = (
					"$(inherited)",
					"@executable_path/Frameworks",
					"@loader_path/Frameworks",
				);
				PRODUCT_BUNDLE_IDENTIFIER = com.whetstone.rai.ios.tests;
				SDKROOT = iphoneos;
				SWIFT_VERSION = 5.9;
				TARGETED_DEVICE_FAMILY = "1,2";
				TEST_HOST = "$(BUILT_PRODUCTS_DIR)/rai.app/rai";
			};
			name = Debug;
		};
		9134C728E51C08EBA04D5AAE /* Release */ = {
			isa = XCBuildConfiguration;
			buildSettings = {
				BUNDLE_LOADER = "$(TEST_HOST)";
				"CODE_SIGNING_ALLOWED[sdk=iphonesimulator*]" = NO;
				GENERATE_INFOPLIST_FILE = YES;
				LD_RUNPATH_SEARCH_PATHS = (
					"$(inherited)",
					"@executable_path/Frameworks",
					"@loader_path/Frameworks",
				);
				PRODUCT_BUNDLE_IDENTIFIER = com.whetstone.rai.ios.tests;
				SDKROOT = iphoneos;
				SWIFT_VERSION = 5.9;
				TARGETED_DEVICE_FAMILY = "1,2";
				TEST_HOST = "$(BUILT_PRODUCTS_DIR)/rai.app/rai";
			};
			name = Release;
		};
		E2009C6F92CB8DAAA9844B56 /* Release */ = {
			isa = XCBuildConfiguration;
			buildSettings = {
				ASSETCATALOG_COMPILER_APPICON_NAME = AppIcon;
				"CODE_SIGNING_ALLOWED[sdk=iphonesimulator*]" = NO;
				CODE_SIGN_ENTITLEMENTS = "rai-ios/rai-ios.entitlements";
				CODE_SIGN_IDENTITY = "iPhone Developer";
				CODE_SIGN_STYLE = Automatic;
				DEVELOPMENT_TEAM = T2XB37WVYD;
				INFOPLIST_FILE = "rai-ios/Info.plist";
				LD_RUNPATH_SEARCH_PATHS = (
					"$(inherited)",
					"@executable_path/Frameworks",
				);
				PRODUCT_BUNDLE_IDENTIFIER = com.whetstone.rai.ios;
				PRODUCT_NAME = rai;
				SDKROOT = iphoneos;
				SWIFT_VERSION = 5.9;
				TARGETED_DEVICE_FAMILY = "1,2";
			};
			name = Release;
		};
		E48FD821CDBAE40C0BB93D3A /* Debug */ = {
			isa = XCBuildConfiguration;
			buildSettings = {
				ALWAYS_SEARCH_USER_PATHS = NO;
				CLANG_ANALYZER_NONNULL = YES;
				CLANG_ANALYZER_NUMBER_OBJECT_CONVERSION = YES_AGGRESSIVE;
				CLANG_CXX_LANGUAGE_STANDARD = "gnu++14";
				CLANG_CXX_LIBRARY = "libc++";
				CLANG_ENABLE_MODULES = YES;
				CLANG_ENABLE_OBJC_ARC = YES;
				CLANG_ENABLE_OBJC_WEAK = YES;
				CLANG_WARN_BLOCK_CAPTURE_AUTORELEASING = YES;
				CLANG_WARN_BOOL_CONVERSION = YES;
				CLANG_WARN_COMMA = YES;
				CLANG_WARN_CONSTANT_CONVERSION = YES;
				CLANG_WARN_DEPRECATED_OBJC_IMPLEMENTATIONS = YES;
				CLANG_WARN_DIRECT_OBJC_ISA_USAGE = YES_ERROR;
				CLANG_WARN_DOCUMENTATION_COMMENTS = YES;
				CLANG_WARN_EMPTY_BODY = YES;
				CLANG_WARN_ENUM_CONVERSION = YES;
				CLANG_WARN_INFINITE_RECURSION = YES;
				CLANG_WARN_INT_CONVERSION = YES;
				CLANG_WARN_NON_LITERAL_NULL_CONVERSION = YES;
				CLANG_WARN_OBJC_IMPLICIT_RETAIN_SELF = YES;
				CLANG_WARN_OBJC_LITERAL_CONVERSION = YES;
				CLANG_WARN_OBJC_ROOT_CLASS = YES_ERROR;
				CLANG_WARN_QUOTED_INCLUDE_IN_FRAMEWORK_HEADER = YES;
				CLANG_WARN_RANGE_LOOP_ANALYSIS = YES;
				CLANG_WARN_STRICT_PROTOTYPES = YES;
				CLANG_WARN_SUSPICIOUS_MOVE = YES;
				CLANG_WARN_UNGUARDED_AVAILABILITY = YES_AGGRESSIVE;
				CLANG_WARN_UNREACHABLE_CODE = YES;
				CLANG_WARN__DUPLICATE_METHOD_MATCH = YES;
				COPY_PHASE_STRIP = NO;
				DEBUG_INFORMATION_FORMAT = dwarf;
				ENABLE_STRICT_OBJC_MSGSEND = YES;
				ENABLE_TESTABILITY = YES;
				GCC_C_LANGUAGE_STANDARD = gnu11;
				GCC_DYNAMIC_NO_PIC = NO;
				GCC_NO_COMMON_BLOCKS = YES;
				GCC_OPTIMIZATION_LEVEL = 0;
				GCC_PREPROCESSOR_DEFINITIONS = (
					"$(inherited)",
					"DEBUG=1",
				);
				GCC_WARN_64_TO_32_BIT_CONVERSION = YES;
				GCC_WARN_ABOUT_RETURN_TYPE = YES_ERROR;
				GCC_WARN_UNDECLARED_SELECTOR = YES;
				GCC_WARN_UNINITIALIZED_AUTOS = YES_AGGRESSIVE;
				GCC_WARN_UNUSED_FUNCTION = YES;
				GCC_WARN_UNUSED_VARIABLE = YES;
				IPHONEOS_DEPLOYMENT_TARGET = 17.0;
				MTL_ENABLE_DEBUG_INFO = INCLUDE_SOURCE;
				MTL_FAST_MATH = YES;
				ONLY_ACTIVE_ARCH = YES;
				PRODUCT_NAME = "$(TARGET_NAME)";
				SDKROOT = iphoneos;
				SWIFT_ACTIVE_COMPILATION_CONDITIONS = DEBUG;
				SWIFT_OPTIMIZATION_LEVEL = "-Onone";
				SWIFT_VERSION = 5.0;
			};
			name = Debug;
		};
		F817F7C0A30A8B5F1D3B04EC /* Debug */ = {
			isa = XCBuildConfiguration;
			buildSettings = {
				ASSETCATALOG_COMPILER_APPICON_NAME = AppIcon;
				"CODE_SIGNING_ALLOWED[sdk=iphonesimulator*]" = NO;
				CODE_SIGN_ENTITLEMENTS = "rai-ios/rai-ios.entitlements";
				CODE_SIGN_IDENTITY = "iPhone Developer";
				CODE_SIGN_STYLE = Automatic;
				DEVELOPMENT_TEAM = T2XB37WVYD;
				INFOPLIST_FILE = "rai-ios/Info.plist";
				LD_RUNPATH_SEARCH_PATHS = (
					"$(inherited)",
					"@executable_path/Frameworks",
				);
				PRODUCT_BUNDLE_IDENTIFIER = com.whetstone.rai.ios;
				PRODUCT_NAME = rai;
				SDKROOT = iphoneos;
				SWIFT_VERSION = 5.9;
				TARGETED_DEVICE_FAMILY = "1,2";
			};
			name = Debug;
		};
		F85232920B1906F75DA89D2B /* Release */ = {
			isa = XCBuildConfiguration;
			buildSettings = {
				ALWAYS_SEARCH_USER_PATHS = NO;
				CLANG_ANALYZER_NONNULL = YES;
				CLANG_ANALYZER_NUMBER_OBJECT_CONVERSION = YES_AGGRESSIVE;
				CLANG_CXX_LANGUAGE_STANDARD = "gnu++14";
				CLANG_CXX_LIBRARY = "libc++";
				CLANG_ENABLE_MODULES = YES;
				CLANG_ENABLE_OBJC_ARC = YES;
				CLANG_ENABLE_OBJC_WEAK = YES;
				CLANG_WARN_BLOCK_CAPTURE_AUTORELEASING = YES;
				CLANG_WARN_BOOL_CONVERSION = YES;
				CLANG_WARN_COMMA = YES;
				CLANG_WARN_CONSTANT_CONVERSION = YES;
				CLANG_WARN_DEPRECATED_OBJC_IMPLEMENTATIONS = YES;
				CLANG_WARN_DIRECT_OBJC_ISA_USAGE = YES_ERROR;
				CLANG_WARN_DOCUMENTATION_COMMENTS = YES;
				CLANG_WARN_EMPTY_BODY = YES;
				CLANG_WARN_ENUM_CONVERSION = YES;
				CLANG_WARN_INFINITE_RECURSION = YES;
				CLANG_WARN_INT_CONVERSION = YES;
				CLANG_WARN_NON_LITERAL_NULL_CONVERSION = YES;
				CLANG_WARN_OBJC_IMPLICIT_RETAIN_SELF = YES;
				CLANG_WARN_OBJC_LITERAL_CONVERSION = YES;
				CLANG_WARN_OBJC_ROOT_CLASS = YES_ERROR;
				CLANG_WARN_QUOTED_INCLUDE_IN_FRAMEWORK_HEADER = YES;
				CLANG_WARN_RANGE_LOOP_ANALYSIS = YES;
				CLANG_WARN_STRICT_PROTOTYPES = YES;
				CLANG_WARN_SUSPICIOUS_MOVE = YES;
				CLANG_WARN_UNGUARDED_AVAILABILITY = YES_AGGRESSIVE;
				CLANG_WARN_UNREACHABLE_CODE = YES;
				CLANG_WARN__DUPLICATE_METHOD_MATCH = YES;
				COPY_PHASE_STRIP = NO;
				DEBUG_INFORMATION_FORMAT = "dwarf-with-dsym";
				ENABLE_NS_ASSERTIONS = NO;
				ENABLE_STRICT_OBJC_MSGSEND = YES;
				GCC_C_LANGUAGE_STANDARD = gnu11;
				GCC_NO_COMMON_BLOCKS = YES;
				GCC_WARN_64_TO_32_BIT_CONVERSION = YES;
				GCC_WARN_ABOUT_RETURN_TYPE = YES_ERROR;
				GCC_WARN_UNDECLARED_SELECTOR = YES;
				GCC_WARN_UNINITIALIZED_AUTOS = YES_AGGRESSIVE;
				GCC_WARN_UNUSED_FUNCTION = YES;
				GCC_WARN_UNUSED_VARIABLE = YES;
				IPHONEOS_DEPLOYMENT_TARGET = 17.0;
				MTL_ENABLE_DEBUG_INFO = NO;
				MTL_FAST_MATH = YES;
				PRODUCT_NAME = "$(TARGET_NAME)";
				SDKROOT = iphoneos;
				SWIFT_COMPILATION_MODE = wholemodule;
				SWIFT_OPTIMIZATION_LEVEL = "-O";
				SWIFT_VERSION = 5.0;
			};
			name = Release;
		};
/* End XCBuildConfiguration section */

/* Begin XCConfigurationList section */
		26D802174B3A47E6F6518587 /* Build configuration list for PBXNativeTarget "rai-ios" */ = {
			isa = XCConfigurationList;
			buildConfigurations = (
				F817F7C0A30A8B5F1D3B04EC /* Debug */,
				E2009C6F92CB8DAAA9844B56 /* Release */,
			);
			defaultConfigurationIsVisible = 0;
			defaultConfigurationName = Debug;
		};
		C6F14B6311CEB87002B80E7E /* Build configuration list for PBXNativeTarget "rai-iosTests" */ = {
			isa = XCConfigurationList;
			buildConfigurations = (
				22D795B42388E53D3877E0CD /* Debug */,
				9134C728E51C08EBA04D5AAE /* Release */,
			);
			defaultConfigurationIsVisible = 0;
			defaultConfigurationName = Debug;
		};
		F30C567720345A5E9B813317 /* Build configuration list for PBXProject "rai-ios" */ = {
			isa = XCConfigurationList;
			buildConfigurations = (
				E48FD821CDBAE40C0BB93D3A /* Debug */,
				F85232920B1906F75DA89D2B /* Release */,
			);
			defaultConfigurationIsVisible = 0;
			defaultConfigurationName = Debug;
		};
/* End XCConfigurationList section */

/* Begin XCLocalSwiftPackageReference section */
		4EC453AAA774EF4C90469D1A /* XCLocalSwiftPackageReference "..//" */ = {
			isa = XCLocalSwiftPackageReference;
			relativePath = "..//";
		};
/* End XCLocalSwiftPackageReference section */

/* Begin XCSwiftPackageProductDependency section */
		0DF2560875011836BCF0C528 /* RaiCore */ = {
			isa = XCSwiftPackageProductDependency;
			productName = RaiCore;
		};
		A4671400FCF1C980765FE75F /* SwiftTerm */ = {
			isa = XCSwiftPackageProductDependency;
			productName = SwiftTerm;
		};
/* End XCSwiftPackageProductDependency section */
	};
	rootObject = 425D45EB082872CE41357666 /* Project object */;
}
